{
  "name": "function-auth",
  "version": "1.0.0",
  "lockfileVersion": 1,
  "requires": true,
  "dependencies": {
    "httple": {
      "version": "1.0.2",
      "resolved": "https://registry.npmjs.org/httple/-/httple-1.0.2.tgz",
      "integrity": "sha512-4CVxpGqk3cqpRSG8Xbn/0PNDtjzipf/xgTQ62l7n1GvlbbE59ghl7sZx+gM8PaDbt5dY8lcwEIwzXiRQ2tBRtQ=="
    }
  }
}
